{
  "name": "nextjs-13",
  "version": "0.1.0",
  "lockfileVersion": 2,
  "requires": true,
  "packages": {
    "": {
      "name": "nextjs-13",
      "version": "0.1.0",
      "dependencies": {
        "@xata.io/client": "^0.19.1",
        "next": "13.0.0",
        "react": "18.2.0",
        "react-dom": "18.2.0"
      },
      "devDependencies": {
        "@types/node": "18.11.5",
        "@types/react": "18.0.21",
        "@types/react-dom": "18.0.6",
        "eslint": "8.25.0",
        "eslint-config-next": "13.0.0",
        "typescript": "4.8.4"
      }
    },
    "../../node_modules/.pnpm/@types+node@18.11.5/node_modules/@types/node": {
      "version": "18.11.5",
      "dev": true,
      "license": "MIT"
    },
    "../../node_modules/.pnpm/@types+react-dom@18.0.6/node_modules/@types/react-dom": {
      "version": "18.0.6",
      "dev": true,
      "license": "MIT",
      "dependencies": {
        "@types/react": "*"
      }
    },
    "../../node_modules/.pnpm/@types+react@18.0.21/node_modules/@types/react": {
      "version": "18.0.21",
      "dev": true,
      "license": "MIT",
      "dependencies": {
        "@types/prop-types": "*",
        "@types/scheduler": "*",
        "csstype": "^3.0.2"
      }
    },
    "../../node_modules/.pnpm/@xata.io+client@0.19.1_typescript@4.8.4/node_modules/@xata.io/client": {
      "version": "0.19.1",
      "extraneous": true,
      "license": "Apache-2.0",
      "peerDependencies": {
        "typescript": ">=4.5"
      }
    },
    "../../node_modules/.pnpm/eslint-config-next@13.0.0_z4bbprzjrhnsfa24uvmcbu7f5q/node_modules/eslint-config-next": {
      "version": "13.0.0",
      "dev": true,
      "license": "MIT",
      "dependencies": {
        "@next/eslint-plugin-next": "13.0.0",
        "@rushstack/eslint-patch": "^1.1.3",
        "@typescript-eslint/parser": "^5.21.0",
        "eslint-import-resolver-node": "^0.3.6",
        "eslint-import-resolver-typescript": "^2.7.1",
        "eslint-plugin-import": "^2.26.0",
        "eslint-plugin-jsx-a11y": "^6.5.1",
        "eslint-plugin-react": "^7.31.7",
        "eslint-plugin-react-hooks": "^4.5.0"
      },
      "peerDependencies": {
        "eslint": "^7.23.0 || ^8.0.0",
        "typescript": ">=3.3.1"
      },
      "peerDependenciesMeta": {
        "typescript": {
          "optional": true
        }
      }
    },
    "../../node_modules/.pnpm/eslint@8.25.0/node_modules/eslint": {
      "version": "8.25.0",
      "dev": true,
      "license": "MIT",
      "dependencies": {
        "@eslint/eslintrc": "^1.3.3",
        "@humanwhocodes/config-array": "^0.10.5",
        "@humanwhocodes/module-importer": "^1.0.1",
        "ajv": "^6.10.0",
        "chalk": "^4.0.0",
        "cross-spawn": "^7.0.2",
        "debug": "^4.3.2",
        "doctrine": "^3.0.0",
        "escape-string-regexp": "^4.0.0",
        "eslint-scope": "^7.1.1",
        "eslint-utils": "^3.0.0",
        "eslint-visitor-keys": "^3.3.0",
        "espree": "^9.4.0",
        "esquery": "^1.4.0",
        "esutils": "^2.0.2",
        "fast-deep-equal": "^3.1.3",
        "file-entry-cache": "^6.0.1",
        "find-up": "^5.0.0",
        "glob-parent": "^6.0.1",
        "globals": "^13.15.0",
        "globby": "^11.1.0",
        "grapheme-splitter": "^1.0.4",
        "ignore": "^5.2.0",
        "import-fresh": "^3.0.0",
        "imurmurhash": "^0.1.4",
        "is-glob": "^4.0.0",
        "js-sdsl": "^4.1.4",
        "js-yaml": "^4.1.0",
        "json-stable-stringify-without-jsonify": "^1.0.1",
        "levn": "^0.4.1",
        "lodash.merge": "^4.6.2",
        "minimatch": "^3.1.2",
        "natural-compare": "^1.4.0",
        "optionator": "^0.9.1",
        "regexpp": "^3.2.0",
        "strip-ansi": "^6.0.1",
        "strip-json-comments": "^3.1.0",
        "text-table": "^0.2.0"
      },
      "bin": {
        "eslint": "bin/eslint.js"
      },
      "devDependencies": {
        "@babel/core": "^7.4.3",
        "@babel/preset-env": "^7.4.3",
        "babel-loader": "^8.0.5",
        "c8": "^7.12.0",
        "chai": "^4.0.1",
        "cheerio": "^0.22.0",
        "common-tags": "^1.8.0",
        "core-js": "^3.1.3",
        "ejs": "^3.0.2",
        "eslint": "file:.",
        "eslint-config-eslint": "file:packages/eslint-config-eslint",
        "eslint-plugin-eslint-comments": "^3.2.0",
        "eslint-plugin-eslint-plugin": "^4.4.0",
        "eslint-plugin-internal-rules": "file:tools/internal-rules",
        "eslint-plugin-jsdoc": "^38.1.6",
        "eslint-plugin-n": "^15.2.4",
        "eslint-plugin-unicorn": "^42.0.0",
        "eslint-release": "^3.2.0",
        "eslump": "^3.0.0",
        "esprima": "^4.0.1",
        "fast-glob": "^3.2.11",
        "fs-teardown": "^0.1.3",
        "glob": "^7.1.6",
        "got": "^11.8.3",
        "gray-matter": "^4.0.3",
        "karma": "^6.1.1",
        "karma-chrome-launcher": "^3.1.0",
        "karma-mocha": "^2.0.1",
        "karma-mocha-reporter": "^2.2.5",
        "karma-webpack": "^5.0.0",
        "lint-staged": "^11.0.0",
        "load-perf": "^0.2.0",
        "markdownlint": "^0.25.1",
        "markdownlint-cli": "^0.31.1",
        "marked": "^4.0.8",
        "memfs": "^3.0.1",
        "metascraper": "^5.25.7",
        "metascraper-description": "^5.25.7",
        "metascraper-image": "^5.29.3",
        "metascraper-logo": "^5.25.7",
        "metascraper-logo-favicon": "^5.25.7",
        "metascraper-title": "^5.25.7",
        "mocha": "^8.3.2",
        "mocha-junit-reporter": "^2.0.0",
        "node-polyfill-webpack-plugin": "^1.0.3",
        "npm-license": "^0.3.3",
        "pirates": "^4.0.5",
        "progress": "^2.0.3",
        "proxyquire": "^2.0.1",
        "puppeteer": "^13.7.0",
        "recast": "^0.20.4",
        "regenerator-runtime": "^0.13.2",
        "semver": "^7.3.5",
        "shelljs": "^0.8.2",
        "sinon": "^11.0.0",
        "temp": "^0.9.0",
        "webpack": "^5.23.0",
        "webpack-cli": "^4.5.0",
        "yorkie": "^2.0.0"
      },
      "engines": {
        "node": "^12.22.0 || ^14.17.0 || >=16.0.0"
      },
      "funding": {
        "url": "https://opencollective.com/eslint"
      }
    },
    "../../node_modules/.pnpm/next@13.0.0_biqbaboplfbrettd7655fr4n2y/node_modules/next": {
      "version": "13.0.0",
      "license": "MIT",
      "dependencies": {
        "@next/env": "13.0.0",
        "@swc/helpers": "0.4.11",
        "caniuse-lite": "^1.0.30001406",
        "postcss": "8.4.14",
        "styled-jsx": "5.1.0",
        "use-sync-external-store": "1.2.0"
      },
      "bin": {
        "next": "dist/bin/next"
      },
      "devDependencies": {
        "@ampproject/toolbox-optimizer": "2.8.3",
        "@babel/code-frame": "7.12.11",
        "@babel/core": "7.18.0",
        "@babel/eslint-parser": "7.18.2",
        "@babel/generator": "7.18.0",
        "@babel/plugin-proposal-class-properties": "7.14.5",
        "@babel/plugin-proposal-export-namespace-from": "7.14.5",
        "@babel/plugin-proposal-numeric-separator": "7.14.5",
        "@babel/plugin-proposal-object-rest-spread": "7.14.7",
        "@babel/plugin-syntax-bigint": "7.8.3",
        "@babel/plugin-syntax-dynamic-import": "7.8.3",
        "@babel/plugin-syntax-import-assertions": "7.16.7",
        "@babel/plugin-syntax-jsx": "7.14.5",
        "@babel/plugin-transform-modules-commonjs": "7.18.0",
        "@babel/plugin-transform-runtime": "7.18.0",
        "@babel/preset-env": "7.18.0",
        "@babel/preset-react": "7.14.5",
        "@babel/preset-typescript": "7.17.12",
        "@babel/runtime": "7.15.4",
        "@babel/traverse": "7.18.0",
        "@babel/types": "7.18.0",
        "@edge-runtime/primitives": "1.1.0",
        "@hapi/accept": "5.0.2",
        "@napi-rs/cli": "2.12.0",
        "@napi-rs/triples": "1.1.0",
        "@next/polyfill-module": "13.0.0",
        "@next/polyfill-nomodule": "13.0.0",
        "@next/react-dev-overlay": "13.0.0",
        "@next/react-refresh-utils": "13.0.0",
        "@next/swc": "13.0.0",
        "@segment/ajv-human-errors": "2.1.2",
        "@taskr/clear": "1.1.0",
        "@taskr/esnext": "1.1.0",
        "@taskr/watch": "1.1.0",
        "@types/amphtml-validator": "1.0.0",
        "@types/babel__code-frame": "7.0.2",
        "@types/babel__core": "7.1.12",
        "@types/babel__generator": "7.6.2",
        "@types/babel__template": "7.4.0",
        "@types/babel__traverse": "7.11.0",
        "@types/bytes": "3.1.1",
        "@types/ci-info": "2.0.0",
        "@types/compression": "0.0.36",
        "@types/content-disposition": "0.5.4",
        "@types/content-type": "1.1.3",
        "@types/cookie": "0.3.3",
        "@types/cross-spawn": "6.0.0",
        "@types/debug": "4.1.5",
        "@types/fresh": "0.5.0",
        "@types/glob": "7.1.1",
        "@types/jsonwebtoken": "8.3.7",
        "@types/lodash": "4.14.149",
        "@types/lodash.curry": "4.1.6",
        "@types/lru-cache": "5.1.0",
        "@types/micromatch": "4.0.2",
        "@types/node-fetch": "2.6.1",
        "@types/path-to-regexp": "1.7.0",
        "@types/platform": "1.3.4",
        "@types/react": "16.9.17",
        "@types/react-dom": "16.9.4",
        "@types/react-is": "16.7.1",
        "@types/semver": "7.3.1",
        "@types/send": "0.14.4",
        "@types/shell-quote": "1.7.1",
        "@types/tar": "4.0.3",
        "@types/text-table": "0.2.1",
        "@types/ua-parser-js": "0.7.36",
        "@types/uuid": "8.3.1",
        "@types/webpack-sources1": "npm:@types/webpack-sources@0.1.5",
        "@types/ws": "8.2.0",
        "@vercel/ncc": "0.34.0",
        "@vercel/nft": "0.22.1",
        "acorn": "8.5.0",
        "ajv": "8.11.0",
        "amphtml-validator": "1.0.35",
        "anser": "1.4.9",
        "arg": "4.1.0",
        "assert": "2.0.0",
        "async-retry": "1.2.3",
        "async-sema": "3.0.0",
        "babel-plugin-transform-define": "2.0.0",
        "babel-plugin-transform-react-remove-prop-types": "0.4.24",
        "browserify-zlib": "0.2.0",
        "browserslist": "4.20.2",
        "buffer": "5.6.0",
        "bytes": "3.1.1",
        "chalk": "2.4.2",
        "ci-info": "watson/ci-info#f43f6a1cefff47fb361c88cf4b943fdbcaafe540",
        "cli-select": "1.1.2",
        "comment-json": "3.0.3",
        "compression": "1.7.4",
        "conf": "5.0.0",
        "constants-browserify": "1.0.0",
        "content-disposition": "0.5.3",
        "content-type": "1.0.4",
        "cookie": "0.4.1",
        "cross-spawn": "6.0.5",
        "crypto-browserify": "3.12.0",
        "css.escape": "1.5.1",
        "cssnano-simple": "3.0.1",
        "data-uri-to-buffer": "3.0.1",
        "debug": "4.1.1",
        "devalue": "2.0.1",
        "domain-browser": "4.19.0",
        "edge-runtime": "1.1.0",
        "events": "3.3.0",
        "find-cache-dir": "3.3.1",
        "find-up": "4.1.0",
        "fresh": "0.5.2",
        "get-orientation": "1.1.2",
        "glob": "7.1.7",
        "gzip-size": "5.1.1",
        "http-proxy": "1.18.1",
        "https-browserify": "1.0.0",
        "icss-utils": "5.1.0",
        "ignore-loader": "0.1.2",
        "image-size": "1.0.0",
        "is-docker": "2.0.0",
        "is-wsl": "2.2.0",
        "jest-worker": "27.0.0-next.5",
        "json5": "2.2.1",
        "jsonwebtoken": "8.5.1",
        "loader-utils2": "npm:loader-utils@2.0.0",
        "loader-utils3": "npm:loader-utils@3.1.3",
        "lodash.curry": "4.1.1",
        "lru-cache": "5.1.1",
        "micromatch": "4.0.4",
        "mini-css-extract-plugin": "2.4.3",
        "nanoid": "3.1.32",
        "native-url": "0.3.4",
        "neo-async": "2.6.1",
        "node-fetch": "2.6.7",
        "node-html-parser": "5.3.3",
        "ora": "4.0.4",
        "os-browserify": "0.3.0",
        "p-limit": "3.1.0",
        "path-browserify": "1.0.1",
        "path-to-regexp": "6.1.0",
        "platform": "1.3.6",
        "postcss-flexbugs-fixes": "5.0.2",
        "postcss-modules-extract-imports": "3.0.0",
        "postcss-modules-local-by-default": "4.0.0",
        "postcss-modules-scope": "3.0.0",
        "postcss-modules-values": "4.0.0",
        "postcss-preset-env": "7.4.3",
        "postcss-safe-parser": "6.0.0",
        "postcss-scss": "4.0.3",
        "postcss-value-parser": "4.2.0",
        "process": "0.11.10",
        "punycode": "2.1.1",
        "querystring-es3": "0.2.1",
        "raw-body": "2.4.1",
        "react-is": "18.2.0",
        "react-refresh": "0.12.0",
        "regenerator-runtime": "0.13.4",
        "sass-loader": "12.4.0",
        "schema-utils2": "npm:schema-utils@2.7.1",
        "schema-utils3": "npm:schema-utils@3.0.0",
        "semver": "7.3.2",
        "send": "0.17.1",
        "setimmediate": "1.0.5",
        "shell-quote": "1.7.3",
        "source-map": "0.6.1",
        "stacktrace-parser": "0.1.10",
        "stream-browserify": "3.0.0",
        "stream-http": "3.1.1",
        "string_decoder": "1.3.0",
        "string-hash": "1.1.3",
        "strip-ansi": "6.0.0",
        "tar": "6.1.11",
        "taskr": "1.1.0",
        "terser": "5.14.1",
        "text-table": "0.2.0",
        "timers-browserify": "2.0.12",
        "tty-browserify": "0.0.1",
        "ua-parser-js": "0.7.28",
        "undici": "5.10.0",
        "unistore": "3.4.1",
        "util": "0.12.4",
        "uuid": "8.3.2",
        "vm-browserify": "1.1.2",
        "watchpack": "2.4.0",
        "web-vitals": "3.0.0",
        "webpack": "5.74.0",
        "webpack-sources1": "npm:webpack-sources@1.4.3",
        "webpack-sources3": "npm:webpack-sources@3.2.3",
        "ws": "8.2.3"
      },
      "engines": {
        "node": ">=14.6.0"
      },
      "optionalDependencies": {
        "@next/swc-android-arm-eabi": "13.0.0",
        "@next/swc-android-arm64": "13.0.0",
        "@next/swc-darwin-arm64": "13.0.0",
        "@next/swc-darwin-x64": "13.0.0",
        "@next/swc-freebsd-x64": "13.0.0",
        "@next/swc-linux-arm-gnueabihf": "13.0.0",
        "@next/swc-linux-arm64-gnu": "13.0.0",
        "@next/swc-linux-arm64-musl": "13.0.0",
        "@next/swc-linux-x64-gnu": "13.0.0",
        "@next/swc-linux-x64-musl": "13.0.0",
        "@next/swc-win32-arm64-msvc": "13.0.0",
        "@next/swc-win32-ia32-msvc": "13.0.0",
        "@next/swc-win32-x64-msvc": "13.0.0"
      },
      "peerDependencies": {
        "fibers": ">= 3.1.0",
        "node-sass": "^6.0.0 || ^7.0.0",
        "react": "^18.0.0-0",
        "react-dom": "^18.0.0-0",
        "sass": "^1.3.0"
      },
      "peerDependenciesMeta": {
        "fibers": {
          "optional": true
        },
        "node-sass": {
          "optional": true
        },
        "sass": {
          "optional": true
        }
      }
    },
    "../../node_modules/.pnpm/react-dom@18.2.0_react@18.2.0/node_modules/react-dom": {
      "version": "18.2.0",
      "license": "MIT",
      "dependencies": {
        "loose-envify": "^1.1.0",
        "scheduler": "^0.23.0"
      },
      "peerDependencies": {
        "react": "^18.2.0"
      }
    },
    "../../node_modules/.pnpm/react@18.2.0/node_modules/react": {
      "version": "18.2.0",
      "license": "MIT",
      "dependencies": {
        "loose-envify": "^1.1.0"
      },
      "engines": {
        "node": ">=0.10.0"
      }
    },
    "../../node_modules/.pnpm/typescript@4.8.4/node_modules/typescript": {
      "version": "4.8.4",
      "license": "Apache-2.0",
      "bin": {
        "tsc": "bin/tsc",
        "tsserver": "bin/tsserver"
      },
      "devDependencies": {
        "@octokit/rest": "latest",
        "@types/chai": "latest",
        "@types/convert-source-map": "latest",
        "@types/fs-extra": "^9.0.13",
        "@types/glob": "latest",
        "@types/gulp": "^4.0.9",
        "@types/gulp-concat": "latest",
        "@types/gulp-newer": "latest",
        "@types/gulp-rename": "latest",
        "@types/gulp-sourcemaps": "latest",
        "@types/merge2": "latest",
        "@types/microsoft__typescript-etw": "latest",
        "@types/minimatch": "latest",
        "@types/minimist": "latest",
        "@types/mkdirp": "latest",
        "@types/mocha": "latest",
        "@types/ms": "latest",
        "@types/node": "latest",
        "@types/node-fetch": "^2.6.2",
        "@types/q": "latest",
        "@types/source-map-support": "latest",
        "@types/xml2js": "^0.4.11",
        "@typescript-eslint/eslint-plugin": "^5.28.0",
        "@typescript-eslint/parser": "^5.28.0",
        "@typescript-eslint/utils": "^5.28.0",
        "async": "latest",
        "azure-devops-node-api": "^11.1.1",
        "chai": "latest",
        "chalk": "^4.1.2",
        "convert-source-map": "latest",
        "del": "6.1.1",
        "diff": "^5.1.0",
        "eslint": "8.17.0",
        "eslint-formatter-autolinkable-stylish": "1.2.0",
        "eslint-plugin-import": "2.26.0",
        "eslint-plugin-jsdoc": "39.3.2",
        "eslint-plugin-no-null": "1.0.2",
        "fancy-log": "latest",
        "fs-extra": "^9.1.0",
        "glob": "latest",
        "gulp": "^4.0.2",
        "gulp-concat": "latest",
        "gulp-insert": "latest",
        "gulp-newer": "latest",
        "gulp-rename": "latest",
        "gulp-sourcemaps": "latest",
        "merge2": "latest",
        "minimist": "latest",
        "mkdirp": "latest",
        "mocha": "latest",
        "mocha-fivemat-progress-reporter": "latest",
        "ms": "^2.1.3",
        "node-fetch": "^2.6.7",
        "prex": "^0.4.7",
        "q": "latest",
        "source-map-support": "latest",
        "typescript": "^4.5.5",
        "vinyl": "latest",
        "vinyl-sourcemaps-apply": "latest",
        "xml2js": "^0.4.23"
      },
      "engines": {
        "node": ">=4.2.0"
      }
    },
    "node_modules/@types/node": {
      "resolved": "../../node_modules/.pnpm/@types+node@18.11.5/node_modules/@types/node",
      "link": true
    },
    "node_modules/@types/react": {
      "resolved": "../../node_modules/.pnpm/@types+react@18.0.21/node_modules/@types/react",
      "link": true
    },
    "node_modules/@types/react-dom": {
      "resolved": "../../node_modules/.pnpm/@types+react-dom@18.0.6/node_modules/@types/react-dom",
      "link": true
    },
    "node_modules/@xata.io/client": {
      "version": "0.19.1",
      "resolved": "https://registry.npmjs.org/@xata.io/client/-/client-0.19.1.tgz",
      "integrity": "sha512-p+MTMk+ZMpS3C8BMxpNUz0YB2/fVrLk8V1ZwJ1JfQ41SVCmxDw0wVGyO8YZ2hDq0cTjnR1gZuBExhTGdOh4OWA==",
      "peerDependencies": {
        "typescript": ">=4.5"
      }
    },
    "node_modules/eslint": {
      "resolved": "../../node_modules/.pnpm/eslint@8.25.0/node_modules/eslint",
      "link": true
    },
    "node_modules/eslint-config-next": {
      "resolved": "../../node_modules/.pnpm/eslint-config-next@13.0.0_z4bbprzjrhnsfa24uvmcbu7f5q/node_modules/eslint-config-next",
      "link": true
    },
    "node_modules/next": {
      "resolved": "../../node_modules/.pnpm/next@13.0.0_biqbaboplfbrettd7655fr4n2y/node_modules/next",
      "link": true
    },
    "node_modules/react": {
      "resolved": "../../node_modules/.pnpm/react@18.2.0/node_modules/react",
      "link": true
    },
    "node_modules/react-dom": {
      "resolved": "../../node_modules/.pnpm/react-dom@18.2.0_react@18.2.0/node_modules/react-dom",
      "link": true
    },
    "node_modules/typescript": {
      "resolved": "../../node_modules/.pnpm/typescript@4.8.4/node_modules/typescript",
      "link": true
    },
    "node_modules/@next/swc-android-arm-eabi": {
      "version": "13.0.0",
      "resolved": "https://registry.npmjs.org/@next/swc-android-arm-eabi/-/swc-android-arm-eabi-13.0.0.tgz",
      "integrity": "sha512-+DUQkYF93gxFjWY+CYWE1QDX6gTgnUiWf+W4UqZjM1Jcef8U97fS6xYh+i+8rH4MM0AXHm7OSakvfOMzmjU6VA==",
      "cpu": [
        "arm"
      ],
      "optional": true,
      "os": [
        "android"
      ],
      "engines": {
        "node": ">= 10"
      }
    },
    "node_modules/@next/swc-android-arm64": {
      "version": "13.0.0",
      "resolved": "https://registry.npmjs.org/@next/swc-android-arm64/-/swc-android-arm64-13.0.0.tgz",
      "integrity": "sha512-RW9Uy3bMSc0zVGCa11klFuwfP/jdcdkhdruqnrJ7v+7XHm6OFKkSRzX6ee7yGR1rdDZvTnP4GZSRSpzjLv/N0g==",
      "cpu": [
        "arm64"
      ],
      "optional": true,
      "os": [
        "android"
      ],
      "engines": {
        "node": ">= 10"
      }
    },
    "node_modules/@next/swc-darwin-arm64": {
      "version": "13.0.0",
      "resolved": "https://registry.npmjs.org/@next/swc-darwin-arm64/-/swc-darwin-arm64-13.0.0.tgz",
      "integrity": "sha512-APA26nps1j4qyhOIzkclW/OmgotVHj1jBxebSpMCPw2rXfiNvKNY9FA0TcuwPmUCNqaTnm703h6oW4dvp73A4Q==",
      "cpu": [
        "arm64"
      ],
      "optional": true,
      "os": [
        "darwin"
      ],
      "engines": {
        "node": ">= 10"
      }
    },
    "node_modules/@next/swc-darwin-x64": {
      "version": "13.0.0",
      "resolved": "https://registry.npmjs.org/@next/swc-darwin-x64/-/swc-darwin-x64-13.0.0.tgz",
      "integrity": "sha512-qsUhUdoFuRJiaJ7LnvTQ6GZv1QnMDcRXCIjxaN0FNVXwrjkq++U7KjBUaxXkRzLV4C7u0NHLNOp0iZwNNE7ypw==",
      "cpu": [
        "x64"
      ],
      "optional": true,
      "os": [
        "darwin"
      ],
      "engines": {
        "node": ">= 10"
      }
    },
    "node_modules/@next/swc-freebsd-x64": {
      "version": "13.0.0",
      "resolved": "https://registry.npmjs.org/@next/swc-freebsd-x64/-/swc-freebsd-x64-13.0.0.tgz",
      "integrity": "sha512-sCdyCbboS7CwdnevKH9J6hkJI76LUw1jVWt4eV7kISuLiPba3JmehZSWm80oa4ADChRVAwzhLAo2zJaYRrInbg==",
      "cpu": [
        "x64"
      ],
      "optional": true,
      "os": [
        "freebsd"
      ],
      "engines": {
        "node": ">= 10"
      }
    },
    "node_modules/@next/swc-linux-arm-gnueabihf": {
      "version": "13.0.0",
      "resolved": "https://registry.npmjs.org/@next/swc-linux-arm-gnueabihf/-/swc-linux-arm-gnueabihf-13.0.0.tgz",
      "integrity": "sha512-/X/VxfFA41C9jrEv+sUsPLQ5vbDPVIgG0CJrzKvrcc+b+4zIgPgtfsaWq9ockjHFQi3ycvlZK4TALOXO8ovQ6Q==",
      "cpu": [
        "arm"
      ],
      "optional": true,
      "os": [
        "linux"
      ],
      "engines": {
        "node": ">= 10"
      }
    },
    "node_modules/@next/swc-linux-arm64-gnu": {
      "version": "13.0.0",
      "resolved": "https://registry.npmjs.org/@next/swc-linux-arm64-gnu/-/swc-linux-arm64-gnu-13.0.0.tgz",
      "integrity": "sha512-x6Oxr1GIi0ZtNiT6jbw+JVcbEi3UQgF7mMmkrgfL4mfchOwXtWSHKTSSPnwoJWJfXYa0Vy1n8NElWNTGAqoWFw==",
      "cpu": [
        "arm64"
      ],
      "optional": true,
      "os": [
        "linux"
      ],
      "engines": {
        "node": ">= 10"
      }
    },
    "node_modules/@next/swc-linux-arm64-musl": {
      "version": "13.0.0",
      "resolved": "https://registry.npmjs.org/@next/swc-linux-arm64-musl/-/swc-linux-arm64-musl-13.0.0.tgz",
      "integrity": "sha512-SnMH9ngI+ipGh3kqQ8+mDtWunirwmhQnQeZkEq9e/9Xsgjf04OetqrqRHKM1HmJtG2qMUJbyXFJ0F81TPuT+3g==",
      "cpu": [
        "arm64"
      ],
      "optional": true,
      "os": [
        "linux"
      ],
      "engines": {
        "node": ">= 10"
      }
    },
    "node_modules/@next/swc-linux-x64-gnu": {
      "version": "13.0.0",
      "resolved": "https://registry.npmjs.org/@next/swc-linux-x64-gnu/-/swc-linux-x64-gnu-13.0.0.tgz",
      "integrity": "sha512-VSQwTX9EmdbotArtA1J67X8964oQfe0xHb32x4tu+JqTR+wOHyG6wGzPMdXH2oKAp6rdd7BzqxUXXf0J+ypHlw==",
      "cpu": [
        "x64"
      ],
      "optional": true,
      "os": [
        "linux"
      ],
      "engines": {
        "node": ">= 10"
      }
    },
    "node_modules/@next/swc-linux-x64-musl": {
      "version": "13.0.0",
      "resolved": "https://registry.npmjs.org/@next/swc-linux-x64-musl/-/swc-linux-x64-musl-13.0.0.tgz",
      "integrity": "sha512-xBCP0nnpO0q4tsytXkvIwWFINtbFRyVY5gxa1zB0vlFtqYR9lNhrOwH3CBrks3kkeaePOXd611+8sjdUtrLnXA==",
      "cpu": [
        "x64"
      ],
      "optional": true,
      "os": [
        "linux"
      ],
      "engines": {
        "node": ">= 10"
      }
    },
    "node_modules/@next/swc-win32-arm64-msvc": {
      "version": "13.0.0",
      "resolved": "https://registry.npmjs.org/@next/swc-win32-arm64-msvc/-/swc-win32-arm64-msvc-13.0.0.tgz",
      "integrity": "sha512-NutwDafqhGxqPj/eiUixJq9ImS/0sgx6gqlD7jRndCvQ2Q8AvDdu1+xKcGWGNnhcDsNM/n1avf1e62OG1GaqJg==",
      "cpu": [
        "arm64"
      ],
      "optional": true,
      "os": [
        "win32"
      ],
      "engines": {
        "node": ">= 10"
      }
    },
    "node_modules/@next/swc-win32-ia32-msvc": {
      "version": "13.0.0",
      "resolved": "https://registry.npmjs.org/@next/swc-win32-ia32-msvc/-/swc-win32-ia32-msvc-13.0.0.tgz",
      "integrity": "sha512-zNaxaO+Kl/xNz02E9QlcVz0pT4MjkXGDLb25qxtAzyJL15aU0+VjjbIZAYWctG59dvggNIUNDWgoBeVTKB9xLg==",
      "cpu": [
        "ia32"
      ],
      "optional": true,
      "os": [
        "win32"
      ],
      "engines": {
        "node": ">= 10"
      }
    },
    "node_modules/@next/swc-win32-x64-msvc": {
      "version": "13.0.0",
      "resolved": "https://registry.npmjs.org/@next/swc-win32-x64-msvc/-/swc-win32-x64-msvc-13.0.0.tgz",
      "integrity": "sha512-FFOGGWwTCRMu9W7MF496Urefxtuo2lttxF1vwS+1rIRsKvuLrWhVaVTj3T8sf2EBL6gtJbmh4TYlizS+obnGKA==",
      "cpu": [
        "x64"
      ],
      "optional": true,
      "os": [
        "win32"
      ],
      "engines": {
        "node": ">= 10"
      }
    }
  },
  "dependencies": {
    "@types/node": {
      "version": "file:../../node_modules/.pnpm/@types+node@18.11.5/node_modules/@types/node"
    },
    "@types/react": {
      "version": "file:../../node_modules/.pnpm/@types+react@18.0.21/node_modules/@types/react",
      "requires": {
        "@types/prop-types": "*",
        "@types/scheduler": "*",
        "csstype": "^3.0.2"
      }
    },
    "@types/react-dom": {
      "version": "file:../../node_modules/.pnpm/@types+react-dom@18.0.6/node_modules/@types/react-dom",
      "requires": {
        "@types/react": "*"
      }
    },
    "@xata.io/client": {
      "version": "0.19.1",
      "resolved": "https://registry.npmjs.org/@xata.io/client/-/client-0.19.1.tgz",
      "integrity": "sha512-p+MTMk+ZMpS3C8BMxpNUz0YB2/fVrLk8V1ZwJ1JfQ41SVCmxDw0wVGyO8YZ2hDq0cTjnR1gZuBExhTGdOh4OWA==",
      "requires": {}
    },
    "eslint": {
      "version": "file:../../node_modules/.pnpm/eslint@8.25.0/node_modules/eslint",
      "requires": {
        "@babel/core": "^7.4.3",
        "@babel/preset-env": "^7.4.3",
        "@eslint/eslintrc": "^1.3.3",
        "@humanwhocodes/config-array": "^0.10.5",
        "@humanwhocodes/module-importer": "^1.0.1",
        "ajv": "^6.10.0",
        "babel-loader": "^8.0.5",
        "c8": "^7.12.0",
        "chai": "^4.0.1",
        "chalk": "^4.0.0",
        "cheerio": "^0.22.0",
        "common-tags": "^1.8.0",
        "core-js": "^3.1.3",
        "cross-spawn": "^7.0.2",
        "debug": "^4.3.2",
        "doctrine": "^3.0.0",
        "ejs": "^3.0.2",
        "escape-string-regexp": "^4.0.0",
        "eslint": "file:",
        "eslint-config-eslint": "file:packages/eslint-config-eslint",
        "eslint-plugin-eslint-comments": "^3.2.0",
        "eslint-plugin-eslint-plugin": "^4.4.0",
        "eslint-plugin-internal-rules": "file:tools/internal-rules",
        "eslint-plugin-jsdoc": "^38.1.6",
        "eslint-plugin-n": "^15.2.4",
        "eslint-plugin-unicorn": "^42.0.0",
        "eslint-release": "^3.2.0",
        "eslint-scope": "^7.1.1",
        "eslint-utils": "^3.0.0",
        "eslint-visitor-keys": "^3.3.0",
        "eslump": "^3.0.0",
        "espree": "^9.4.0",
        "esprima": "^4.0.1",
        "esquery": "^1.4.0",
        "esutils": "^2.0.2",
        "fast-deep-equal": "^3.1.3",
        "fast-glob": "^3.2.11",
        "file-entry-cache": "^6.0.1",
        "find-up": "^5.0.0",
        "fs-teardown": "^0.1.3",
        "glob": "^7.1.6",
        "glob-parent": "^6.0.1",
        "globals": "^13.15.0",
        "globby": "^11.1.0",
        "got": "^11.8.3",
        "grapheme-splitter": "^1.0.4",
        "gray-matter": "^4.0.3",
        "ignore": "^5.2.0",
        "import-fresh": "^3.0.0",
        "imurmurhash": "^0.1.4",
        "is-glob": "^4.0.0",
        "js-sdsl": "^4.1.4",
        "js-yaml": "^4.1.0",
        "json-stable-stringify-without-jsonify": "^1.0.1",
        "karma": "^6.1.1",
        "karma-chrome-launcher": "^3.1.0",
        "karma-mocha": "^2.0.1",
        "karma-mocha-reporter": "^2.2.5",
        "karma-webpack": "^5.0.0",
        "levn": "^0.4.1",
        "lint-staged": "^11.0.0",
        "load-perf": "^0.2.0",
        "lodash.merge": "^4.6.2",
        "markdownlint": "^0.25.1",
        "markdownlint-cli": "^0.31.1",
        "marked": "^4.0.8",
        "memfs": "^3.0.1",
        "metascraper": "^5.25.7",
        "metascraper-description": "^5.25.7",
        "metascraper-image": "^5.29.3",
        "metascraper-logo": "^5.25.7",
        "metascraper-logo-favicon": "^5.25.7",
        "metascraper-title": "^5.25.7",
        "minimatch": "^3.1.2",
        "mocha": "^8.3.2",
        "mocha-junit-reporter": "^2.0.0",
        "natural-compare": "^1.4.0",
        "node-polyfill-webpack-plugin": "^1.0.3",
        "npm-license": "^0.3.3",
        "optionator": "^0.9.1",
        "pirates": "^4.0.5",
        "progress": "^2.0.3",
        "proxyquire": "^2.0.1",
        "puppeteer": "^13.7.0",
        "recast": "^0.20.4",
        "regenerator-runtime": "^0.13.2",
        "regexpp": "^3.2.0",
        "semver": "^7.3.5",
        "shelljs": "^0.8.2",
        "sinon": "^11.0.0",
        "strip-ansi": "^6.0.1",
        "strip-json-comments": "^3.1.0",
        "temp": "^0.9.0",
        "text-table": "^0.2.0",
        "webpack": "^5.23.0",
        "webpack-cli": "^4.5.0",
        "yorkie": "^2.0.0"
      }
    },
    "eslint-config-next": {
      "version": "file:../../node_modules/.pnpm/eslint-config-next@13.0.0_z4bbprzjrhnsfa24uvmcbu7f5q/node_modules/eslint-config-next",
      "requires": {
        "@next/eslint-plugin-next": "13.0.0",
        "@rushstack/eslint-patch": "^1.1.3",
        "@typescript-eslint/parser": "^5.21.0",
        "eslint-import-resolver-node": "^0.3.6",
        "eslint-import-resolver-typescript": "^2.7.1",
        "eslint-plugin-import": "^2.26.0",
        "eslint-plugin-jsx-a11y": "^6.5.1",
        "eslint-plugin-react": "^7.31.7",
        "eslint-plugin-react-hooks": "^4.5.0"
      }
    },
    "next": {
      "version": "file:../../node_modules/.pnpm/next@13.0.0_biqbaboplfbrettd7655fr4n2y/node_modules/next",
      "requires": {
        "@ampproject/toolbox-optimizer": "2.8.3",
        "@babel/code-frame": "7.12.11",
        "@babel/core": "7.18.0",
        "@babel/eslint-parser": "7.18.2",
        "@babel/generator": "7.18.0",
        "@babel/plugin-proposal-class-properties": "7.14.5",
        "@babel/plugin-proposal-export-namespace-from": "7.14.5",
        "@babel/plugin-proposal-numeric-separator": "7.14.5",
        "@babel/plugin-proposal-object-rest-spread": "7.14.7",
        "@babel/plugin-syntax-bigint": "7.8.3",
        "@babel/plugin-syntax-dynamic-import": "7.8.3",
        "@babel/plugin-syntax-import-assertions": "7.16.7",
        "@babel/plugin-syntax-jsx": "7.14.5",
        "@babel/plugin-transform-modules-commonjs": "7.18.0",
        "@babel/plugin-transform-runtime": "7.18.0",
        "@babel/preset-env": "7.18.0",
        "@babel/preset-react": "7.14.5",
        "@babel/preset-typescript": "7.17.12",
        "@babel/runtime": "7.15.4",
        "@babel/traverse": "7.18.0",
        "@babel/types": "7.18.0",
        "@edge-runtime/primitives": "1.1.0",
        "@hapi/accept": "5.0.2",
        "@napi-rs/cli": "2.12.0",
        "@napi-rs/triples": "1.1.0",
        "@next/env": "13.0.0",
        "@next/polyfill-module": "13.0.0",
        "@next/polyfill-nomodule": "13.0.0",
        "@next/react-dev-overlay": "13.0.0",
        "@next/react-refresh-utils": "13.0.0",
        "@next/swc": "13.0.0",
        "@next/swc-android-arm-eabi": "13.0.0",
        "@next/swc-android-arm64": "13.0.0",
        "@next/swc-darwin-arm64": "13.0.0",
        "@next/swc-darwin-x64": "13.0.0",
        "@next/swc-freebsd-x64": "13.0.0",
        "@next/swc-linux-arm-gnueabihf": "13.0.0",
        "@next/swc-linux-arm64-gnu": "13.0.0",
        "@next/swc-linux-arm64-musl": "13.0.0",
        "@next/swc-linux-x64-gnu": "13.0.0",
        "@next/swc-linux-x64-musl": "13.0.0",
        "@next/swc-win32-arm64-msvc": "13.0.0",
        "@next/swc-win32-ia32-msvc": "13.0.0",
        "@next/swc-win32-x64-msvc": "13.0.0",
        "@segment/ajv-human-errors": "2.1.2",
        "@swc/helpers": "0.4.11",
        "@taskr/clear": "1.1.0",
        "@taskr/esnext": "1.1.0",
        "@taskr/watch": "1.1.0",
        "@types/amphtml-validator": "1.0.0",
        "@types/babel__code-frame": "7.0.2",
        "@types/babel__core": "7.1.12",
        "@types/babel__generator": "7.6.2",
        "@types/babel__template": "7.4.0",
        "@types/babel__traverse": "7.11.0",
        "@types/bytes": "3.1.1",
        "@types/ci-info": "2.0.0",
        "@types/compression": "0.0.36",
        "@types/content-disposition": "0.5.4",
        "@types/content-type": "1.1.3",
        "@types/cookie": "0.3.3",
        "@types/cross-spawn": "6.0.0",
        "@types/debug": "4.1.5",
        "@types/fresh": "0.5.0",
        "@types/glob": "7.1.1",
        "@types/jsonwebtoken": "8.3.7",
        "@types/lodash": "4.14.149",
        "@types/lodash.curry": "4.1.6",
        "@types/lru-cache": "5.1.0",
        "@types/micromatch": "4.0.2",
        "@types/node-fetch": "2.6.1",
        "@types/path-to-regexp": "1.7.0",
        "@types/platform": "1.3.4",
        "@types/react": "16.9.17",
        "@types/react-dom": "16.9.4",
        "@types/react-is": "16.7.1",
        "@types/semver": "7.3.1",
        "@types/send": "0.14.4",
        "@types/shell-quote": "1.7.1",
        "@types/tar": "4.0.3",
        "@types/text-table": "0.2.1",
        "@types/ua-parser-js": "0.7.36",
        "@types/uuid": "8.3.1",
        "@types/webpack-sources1": "npm:@types/webpack-sources@0.1.5",
        "@types/ws": "8.2.0",
        "@vercel/ncc": "0.34.0",
        "@vercel/nft": "0.22.1",
        "acorn": "8.5.0",
        "ajv": "8.11.0",
        "amphtml-validator": "1.0.35",
        "anser": "1.4.9",
        "arg": "4.1.0",
        "assert": "2.0.0",
        "async-retry": "1.2.3",
        "async-sema": "3.0.0",
        "babel-plugin-transform-define": "2.0.0",
        "babel-plugin-transform-react-remove-prop-types": "0.4.24",
        "browserify-zlib": "0.2.0",
        "browserslist": "4.20.2",
        "buffer": "5.6.0",
        "bytes": "3.1.1",
        "caniuse-lite": "^1.0.30001406",
        "chalk": "2.4.2",
        "ci-info": "watson/ci-info#f43f6a1cefff47fb361c88cf4b943fdbcaafe540",
        "cli-select": "1.1.2",
        "comment-json": "3.0.3",
        "compression": "1.7.4",
        "conf": "5.0.0",
        "constants-browserify": "1.0.0",
        "content-disposition": "0.5.3",
        "content-type": "1.0.4",
        "cookie": "0.4.1",
        "cross-spawn": "6.0.5",
        "crypto-browserify": "3.12.0",
        "css.escape": "1.5.1",
        "cssnano-simple": "3.0.1",
        "data-uri-to-buffer": "3.0.1",
        "debug": "4.1.1",
        "devalue": "2.0.1",
        "domain-browser": "4.19.0",
        "edge-runtime": "1.1.0",
        "events": "3.3.0",
        "find-cache-dir": "3.3.1",
        "find-up": "4.1.0",
        "fresh": "0.5.2",
        "get-orientation": "1.1.2",
        "glob": "7.1.7",
        "gzip-size": "5.1.1",
        "http-proxy": "1.18.1",
        "https-browserify": "1.0.0",
        "icss-utils": "5.1.0",
        "ignore-loader": "0.1.2",
        "image-size": "1.0.0",
        "is-docker": "2.0.0",
        "is-wsl": "2.2.0",
        "jest-worker": "27.0.0-next.5",
        "json5": "2.2.1",
        "jsonwebtoken": "8.5.1",
        "loader-utils2": "npm:loader-utils@2.0.0",
        "loader-utils3": "npm:loader-utils@3.1.3",
        "lodash.curry": "4.1.1",
        "lru-cache": "5.1.1",
        "micromatch": "4.0.4",
        "mini-css-extract-plugin": "2.4.3",
        "nanoid": "3.1.32",
        "native-url": "0.3.4",
        "neo-async": "2.6.1",
        "node-fetch": "2.6.7",
        "node-html-parser": "5.3.3",
        "ora": "4.0.4",
        "os-browserify": "0.3.0",
        "p-limit": "3.1.0",
        "path-browserify": "1.0.1",
        "path-to-regexp": "6.1.0",
        "platform": "1.3.6",
        "postcss": "8.4.14",
        "postcss-flexbugs-fixes": "5.0.2",
        "postcss-modules-extract-imports": "3.0.0",
        "postcss-modules-local-by-default": "4.0.0",
        "postcss-modules-scope": "3.0.0",
        "postcss-modules-values": "4.0.0",
        "postcss-preset-env": "7.4.3",
        "postcss-safe-parser": "6.0.0",
        "postcss-scss": "4.0.3",
        "postcss-value-parser": "4.2.0",
        "process": "0.11.10",
        "punycode": "2.1.1",
        "querystring-es3": "0.2.1",
        "raw-body": "2.4.1",
        "react-is": "18.2.0",
        "react-refresh": "0.12.0",
        "regenerator-runtime": "0.13.4",
        "sass-loader": "12.4.0",
        "schema-utils2": "npm:schema-utils@2.7.1",
        "schema-utils3": "npm:schema-utils@3.0.0",
        "semver": "7.3.2",
        "send": "0.17.1",
        "setimmediate": "1.0.5",
        "shell-quote": "1.7.3",
        "source-map": "0.6.1",
        "stacktrace-parser": "0.1.10",
        "stream-browserify": "3.0.0",
        "stream-http": "3.1.1",
        "string_decoder": "1.3.0",
        "string-hash": "1.1.3",
        "strip-ansi": "6.0.0",
        "styled-jsx": "5.1.0",
        "tar": "6.1.11",
        "taskr": "1.1.0",
        "terser": "5.14.1",
        "text-table": "0.2.0",
        "timers-browserify": "2.0.12",
        "tty-browserify": "0.0.1",
        "ua-parser-js": "0.7.28",
        "undici": "5.10.0",
        "unistore": "3.4.1",
        "use-sync-external-store": "1.2.0",
        "util": "0.12.4",
        "uuid": "8.3.2",
        "vm-browserify": "1.1.2",
        "watchpack": "2.4.0",
        "web-vitals": "3.0.0",
        "webpack": "5.74.0",
        "webpack-sources1": "npm:webpack-sources@1.4.3",
        "webpack-sources3": "npm:webpack-sources@3.2.3",
        "ws": "8.2.3"
      }
    },
    "react": {
      "version": "file:../../node_modules/.pnpm/react@18.2.0/node_modules/react",
      "requires": {
        "loose-envify": "^1.1.0"
      }
    },
    "react-dom": {
      "version": "file:../../node_modules/.pnpm/react-dom@18.2.0_react@18.2.0/node_modules/react-dom",
      "requires": {
        "loose-envify": "^1.1.0",
        "scheduler": "^0.23.0"
      }
    },
    "typescript": {
      "version": "file:../../node_modules/.pnpm/typescript@4.8.4/node_modules/typescript",
      "requires": {
        "@octokit/rest": "latest",
        "@types/chai": "latest",
        "@types/convert-source-map": "latest",
        "@types/fs-extra": "^9.0.13",
        "@types/glob": "latest",
        "@types/gulp": "^4.0.9",
        "@types/gulp-concat": "latest",
        "@types/gulp-newer": "latest",
        "@types/gulp-rename": "latest",
        "@types/gulp-sourcemaps": "latest",
        "@types/merge2": "latest",
        "@types/microsoft__typescript-etw": "latest",
        "@types/minimatch": "latest",
        "@types/minimist": "latest",
        "@types/mkdirp": "latest",
        "@types/mocha": "latest",
        "@types/ms": "latest",
        "@types/node": "latest",
        "@types/node-fetch": "^2.6.2",
        "@types/q": "latest",
        "@types/source-map-support": "latest",
        "@types/xml2js": "^0.4.11",
        "@typescript-eslint/eslint-plugin": "^5.28.0",
        "@typescript-eslint/parser": "^5.28.0",
        "@typescript-eslint/utils": "^5.28.0",
        "async": "latest",
        "azure-devops-node-api": "^11.1.1",
        "chai": "latest",
        "chalk": "^4.1.2",
        "convert-source-map": "latest",
        "del": "6.1.1",
        "diff": "^5.1.0",
        "eslint": "8.17.0",
        "eslint-formatter-autolinkable-stylish": "1.2.0",
        "eslint-plugin-import": "2.26.0",
        "eslint-plugin-jsdoc": "39.3.2",
        "eslint-plugin-no-null": "1.0.2",
        "fancy-log": "latest",
        "fs-extra": "^9.1.0",
        "glob": "latest",
        "gulp": "^4.0.2",
        "gulp-concat": "latest",
        "gulp-insert": "latest",
        "gulp-newer": "latest",
        "gulp-rename": "latest",
        "gulp-sourcemaps": "latest",
        "merge2": "latest",
        "minimist": "latest",
        "mkdirp": "latest",
        "mocha": "latest",
        "mocha-fivemat-progress-reporter": "latest",
        "ms": "^2.1.3",
        "node-fetch": "^2.6.7",
        "prex": "^0.4.7",
        "q": "latest",
        "source-map-support": "latest",
        "typescript": "^4.5.5",
        "vinyl": "latest",
        "vinyl-sourcemaps-apply": "latest",
        "xml2js": "^0.4.23"
      }
    },
    "@next/swc-android-arm-eabi": {
      "version": "13.0.0",
      "resolved": "https://registry.npmjs.org/@next/swc-android-arm-eabi/-/swc-android-arm-eabi-13.0.0.tgz",
      "integrity": "sha512-+DUQkYF93gxFjWY+CYWE1QDX6gTgnUiWf+W4UqZjM1Jcef8U97fS6xYh+i+8rH4MM0AXHm7OSakvfOMzmjU6VA==",
      "optional": true
    },
    "@next/swc-android-arm64": {
      "version": "13.0.0",
      "resolved": "https://registry.npmjs.org/@next/swc-android-arm64/-/swc-android-arm64-13.0.0.tgz",
      "integrity": "sha512-RW9Uy3bMSc0zVGCa11klFuwfP/jdcdkhdruqnrJ7v+7XHm6OFKkSRzX6ee7yGR1rdDZvTnP4GZSRSpzjLv/N0g==",
      "optional": true
    },
    "@next/swc-darwin-arm64": {
      "version": "13.0.0",
      "resolved": "https://registry.npmjs.org/@next/swc-darwin-arm64/-/swc-darwin-arm64-13.0.0.tgz",
      "integrity": "sha512-APA26nps1j4qyhOIzkclW/OmgotVHj1jBxebSpMCPw2rXfiNvKNY9FA0TcuwPmUCNqaTnm703h6oW4dvp73A4Q==",
      "optional": true
    },
    "@next/swc-darwin-x64": {
      "version": "13.0.0",
      "resolved": "https://registry.npmjs.org/@next/swc-darwin-x64/-/swc-darwin-x64-13.0.0.tgz",
      "integrity": "sha512-qsUhUdoFuRJiaJ7LnvTQ6GZv1QnMDcRXCIjxaN0FNVXwrjkq++U7KjBUaxXkRzLV4C7u0NHLNOp0iZwNNE7ypw==",
      "optional": true
    },
    "@next/swc-freebsd-x64": {
      "version": "13.0.0",
      "resolved": "https://registry.npmjs.org/@next/swc-freebsd-x64/-/swc-freebsd-x64-13.0.0.tgz",
      "integrity": "sha512-sCdyCbboS7CwdnevKH9J6hkJI76LUw1jVWt4eV7kISuLiPba3JmehZSWm80oa4ADChRVAwzhLAo2zJaYRrInbg==",
      "optional": true
    },
    "@next/swc-linux-arm-gnueabihf": {
      "version": "13.0.0",
      "resolved": "https://registry.npmjs.org/@next/swc-linux-arm-gnueabihf/-/swc-linux-arm-gnueabihf-13.0.0.tgz",
      "integrity": "sha512-/X/VxfFA41C9jrEv+sUsPLQ5vbDPVIgG0CJrzKvrcc+b+4zIgPgtfsaWq9ockjHFQi3ycvlZK4TALOXO8ovQ6Q==",
      "optional": true
    },
    "@next/swc-linux-arm64-gnu": {
      "version": "13.0.0",
      "resolved": "https://registry.npmjs.org/@next/swc-linux-arm64-gnu/-/swc-linux-arm64-gnu-13.0.0.tgz",
      "integrity": "sha512-x6Oxr1GIi0ZtNiT6jbw+JVcbEi3UQgF7mMmkrgfL4mfchOwXtWSHKTSSPnwoJWJfXYa0Vy1n8NElWNTGAqoWFw==",
      "optional": true
    },
    "@next/swc-linux-arm64-musl": {
      "version": "13.0.0",
      "resolved": "https://registry.npmjs.org/@next/swc-linux-arm64-musl/-/swc-linux-arm64-musl-13.0.0.tgz",
      "integrity": "sha512-SnMH9ngI+ipGh3kqQ8+mDtWunirwmhQnQeZkEq9e/9Xsgjf04OetqrqRHKM1HmJtG2qMUJbyXFJ0F81TPuT+3g==",
      "optional": true
    },
    "@next/swc-linux-x64-gnu": {
      "version": "13.0.0",
      "resolved": "https://registry.npmjs.org/@next/swc-linux-x64-gnu/-/swc-linux-x64-gnu-13.0.0.tgz",
      "integrity": "sha512-VSQwTX9EmdbotArtA1J67X8964oQfe0xHb32x4tu+JqTR+wOHyG6wGzPMdXH2oKAp6rdd7BzqxUXXf0J+ypHlw==",
      "optional": true
    },
    "@next/swc-linux-x64-musl": {
      "version": "13.0.0",
      "resolved": "https://registry.npmjs.org/@next/swc-linux-x64-musl/-/swc-linux-x64-musl-13.0.0.tgz",
      "integrity": "sha512-xBCP0nnpO0q4tsytXkvIwWFINtbFRyVY5gxa1zB0vlFtqYR9lNhrOwH3CBrks3kkeaePOXd611+8sjdUtrLnXA==",
      "optional": true
    },
    "@next/swc-win32-arm64-msvc": {
      "version": "13.0.0",
      "resolved": "https://registry.npmjs.org/@next/swc-win32-arm64-msvc/-/swc-win32-arm64-msvc-13.0.0.tgz",
      "integrity": "sha512-NutwDafqhGxqPj/eiUixJq9ImS/0sgx6gqlD7jRndCvQ2Q8AvDdu1+xKcGWGNnhcDsNM/n1avf1e62OG1GaqJg==",
      "optional": true
    },
    "@next/swc-win32-ia32-msvc": {
      "version": "13.0.0",
      "resolved": "https://registry.npmjs.org/@next/swc-win32-ia32-msvc/-/swc-win32-ia32-msvc-13.0.0.tgz",
      "integrity": "sha512-zNaxaO+Kl/xNz02E9QlcVz0pT4MjkXGDLb25qxtAzyJL15aU0+VjjbIZAYWctG59dvggNIUNDWgoBeVTKB9xLg==",
      "optional": true
    },
    "@next/swc-win32-x64-msvc": {
      "version": "13.0.0",
      "resolved": "https://registry.npmjs.org/@next/swc-win32-x64-msvc/-/swc-win32-x64-msvc-13.0.0.tgz",
      "integrity": "sha512-FFOGGWwTCRMu9W7MF496Urefxtuo2lttxF1vwS+1rIRsKvuLrWhVaVTj3T8sf2EBL6gtJbmh4TYlizS+obnGKA==",
      "optional": true
    }
  }
}
